
Microsoft Visual Studio Solution File, Format Version 12.00
Project("{FAE04EC0-301F-11D3-BF4B-00C04F79EFBC}") = "porting", "porting\porting.csproj", "{BD60BA22-0F62-489E-9003-60FB85A28AF6}"
EndProject
Project("{FAE04EC0-301F-11D3-BF4B-00C04F79EFBC}") = "CUE4Parse", "..\..\FModel\CUE4Parse\CUE4Parse\CUE4Parse.csproj", "{A322B64B-979F-4992-BBC0-4D1DA5953A27}"
EndProject
Project("{FAE04EC0-301F-11D3-BF4B-00C04F79EFBC}") = "CUE4Parse-Conversion", "..\..\FModel\CUE4Parse\CUE4Parse-Conversion\CUE4Parse-Conversion.csproj", "{155E869D-2126-4310-8582-254BBD9CCD0D}"
EndProject
Global
	GlobalSection(SolutionConfigurationPlatforms) = preSolution
		Debug|Any CPU = Debug|Any CPU
		Release|Any CPU = Release|Any CPU
	EndGlobalSection
	GlobalSection(ProjectConfigurationPlatforms) = postSolution
		{BD60BA22-0F62-489E-9003-60FB85A28AF6}.Debug|Any CPU.ActiveCfg = Debug|Any CPU
		{BD60BA22-0F62-489E-9003-60FB85A28AF6}.Debug|Any CPU.Build.0 = Debug|Any CPU
		{BD60BA22-0F62-489E-9003-60FB85A28AF6}.Release|Any CPU.ActiveCfg = Release|Any CPU
		{BD60BA22-0F62-489E-9003-60FB85A28AF6}.Release|Any CPU.Build.0 = Release|Any CPU
		{A322B64B-979F-4992-BBC0-4D1DA5953A27}.Debug|Any CPU.ActiveCfg = Debug|Any CPU
		{A322B64B-979F-4992-BBC0-4D1DA5953A27}.Debug|Any CPU.Build.0 = Debug|Any CPU
		{A322B64B-979F-4992-BBC0-4D1DA5953A27}.Release|Any CPU.ActiveCfg = Release|Any CPU
		{A322B64B-979F-4992-BBC0-4D1DA5953A27}.Release|Any CPU.Build.0 = Release|Any CPU
		{155E869D-2126-4310-8582-254BBD9CCD0D}.Debug|Any CPU.ActiveCfg = Debug|Any CPU
		{155E869D-2126-4310-8582-254BBD9CCD0D}.Debug|Any CPU.Build.0 = Debug|Any CPU
		{155E869D-2126-4310-8582-254BBD9CCD0D}.Release|Any CPU.ActiveCfg = Release|Any CPU
		{155E869D-2126-4310-8582-254BBD9CCD0D}.Release|Any CPU.Build.0 = Release|Any CPU
	EndGlobalSection
EndGlobal
